{
	"name": "@oasis-engine/tests",
	"version": "0.8.0-alpha.5",
	"lockfileVersion": 2,
	"requires": true,
	"packages": {
		"": {
			"name": "@oasis-engine/tests",
			"version": "0.8.0-alpha.5",
			"license": "MIT",
			"dependencies": {
				"@oasis-engine/core": "0.7.0-beta.4",
				"@oasis-engine/math": "0.7.0-beta.4",
				"@oasis-engine/rhi-webgl": "0.7.0-beta.4"
			},
			"devDependencies": {
				"@oasis-engine/design": "0.7.0-beta.4"
			}
		},
		"node_modules/@oasis-engine/core": {
			"version": "0.7.0-beta.4",
			"resolved": "https://registry.npmjs.org/@oasis-engine/core/-/core-0.7.0-beta.4.tgz",
			"integrity": "sha512-FthNKOBAvbQfMjH80KgNCPp19IWSBNtA1ZLY7cF25PhJHMY7C13c2i18RqhD8FwxEINm+UD3sq3p0vktq3L3Lw==",
			"dependencies": {
				"@oasis-engine/math": "0.7.0-beta.4"
			}
		},
		"node_modules/@oasis-engine/design": {
			"version": "0.7.0-beta.4",
			"resolved": "https://registry.npmjs.org/@oasis-engine/design/-/design-0.7.0-beta.4.tgz",
			"integrity": "sha512-ttCNcRxepPLVH1D//MP39Cr1qIz1uthYMCZ9CBPSWjo0/kP9bHEUu3Z+0sYmNwGWJdFPwIl1GCsTPRclTECPiw==",
			"dev": true,
			"dependencies": {
				"@oasis-engine/math": "0.7.0-beta.4"
			}
		},
		"node_modules/@oasis-engine/math": {
			"version": "0.7.0-beta.4",
			"resolved": "https://registry.npmjs.org/@oasis-engine/math/-/math-0.7.0-beta.4.tgz",
			"integrity": "sha512-hwPgO6sEWeIYoIDMDwy8oLaTGBx6KryVIwKPSAXnEbcQ5aVSdI0LXhPgytTJEgsftCmIMam+vHwuU6Izh06UtQ=="
		},
		"node_modules/@oasis-engine/rhi-webgl": {
			"version": "0.7.0-beta.4",
			"resolved": "https://registry.npmjs.org/@oasis-engine/rhi-webgl/-/rhi-webgl-0.7.0-beta.4.tgz",
			"integrity": "sha512-4W1vg1NV15cVeGdGSrMbNaXBYYCs6fUxgbZKTVhoLRP8VTNXv8++YHyP3ZdSt684YUhXLnIlSoQdKLMsubbABw==",
			"dependencies": {
				"@oasis-engine/core": "0.7.0-beta.4",
				"@oasis-engine/math": "0.7.0-beta.4"
			}
		}
	},
	"dependencies": {
		"@oasis-engine/core": {
			"version": "0.7.0-beta.4",
			"resolved": "https://registry.npmjs.org/@oasis-engine/core/-/core-0.7.0-beta.4.tgz",
			"integrity": "sha512-FthNKOBAvbQfMjH80KgNCPp19IWSBNtA1ZLY7cF25PhJHMY7C13c2i18RqhD8FwxEINm+UD3sq3p0vktq3L3Lw==",
			"requires": {
				"@oasis-engine/math": "0.7.0-beta.4"
			}
		},
		"@oasis-engine/design": {
			"version": "0.7.0-beta.4",
			"resolved": "https://registry.npmjs.org/@oasis-engine/design/-/design-0.7.0-beta.4.tgz",
			"integrity": "sha512-ttCNcRxepPLVH1D//MP39Cr1qIz1uthYMCZ9CBPSWjo0/kP9bHEUu3Z+0sYmNwGWJdFPwIl1GCsTPRclTECPiw==",
			"dev": true,
			"requires": {
				"@oasis-engine/math": "0.7.0-beta.4"
			}
		},
		"@oasis-engine/math": {
			"version": "0.7.0-beta.4",
			"resolved": "https://registry.npmjs.org/@oasis-engine/math/-/math-0.7.0-beta.4.tgz",
			"integrity": "sha512-hwPgO6sEWeIYoIDMDwy8oLaTGBx6KryVIwKPSAXnEbcQ5aVSdI0LXhPgytTJEgsftCmIMam+vHwuU6Izh06UtQ=="
		},
		"@oasis-engine/rhi-webgl": {
			"version": "0.7.0-beta.4",
			"resolved": "https://registry.npmjs.org/@oasis-engine/rhi-webgl/-/rhi-webgl-0.7.0-beta.4.tgz",
			"integrity": "sha512-4W1vg1NV15cVeGdGSrMbNaXBYYCs6fUxgbZKTVhoLRP8VTNXv8++YHyP3ZdSt684YUhXLnIlSoQdKLMsubbABw==",
			"requires": {
				"@oasis-engine/core": "0.7.0-beta.4",
				"@oasis-engine/math": "0.7.0-beta.4"
			}
		}
	}
}
