{
  "name": "oasis-engine",
  "version": "0.2.1",
  "lockfileVersion": 1,
  "requires": true,
  "dependencies": {
    "@oasis-engine/core": {
      "version": "0.2.1",
      "requires": {
        "@oasis-engine/math": "0.2.1"
      },
      "dependencies": {
        "@oasis-engine/design": {},
        "@oasis-engine/math": {
          "version": "0.2.1",
          "dependencies": {
            "@oasis-engine/design": {}
          }
        }
      }
    },
    "@oasis-engine/loader": {
      "version": "0.2.1",
      "requires": {
        "@oasis-engine/core": "0.2.1",
        "@oasis-engine/draco": "0.2.1",
        "@oasis-engine/math": "0.2.1",
        "@oasis-engine/rhi-webgl": "0.2.1"
      },
      "dependencies": {
        "@oasis-engine/core": {
          "version": "0.2.1",
          "requires": {
            "@oasis-engine/math": "0.2.1"
          },
          "dependencies": {
            "@oasis-engine/design": {},
            "@oasis-engine/math": {
              "version": "0.2.1",
              "dependencies": {}
            }
          }
        },
        "@oasis-engine/draco": {
          "version": "0.2.1",
          "requires": {
            "@oasis-engine/core": "0.2.1"
          },
          "dependencies": {
            "@oasis-engine/core": {
              "version": "0.2.1",
              "requires": {
                "@oasis-engine/math": "0.2.1"
              },
              "dependencies": {
                "@oasis-engine/design": {},
                "@oasis-engine/math": {
                  "version": "0.2.1",
                  "dependencies": {}
                }
              }
            }
          }
        },
        "@oasis-engine/math": {
          "version": "0.2.1",
          "dependencies": {
            "@oasis-engine/design": {}
          }
        },
        "@oasis-engine/rhi-webgl": {
          "version": "0.2.1",
          "requires": {
            "@oasis-engine/core": "0.2.1",
            "@oasis-engine/math": "0.2.1"
          },
          "dependencies": {
            "@oasis-engine/core": {
              "version": "0.2.1",
              "requires": {
                "@oasis-engine/math": "0.2.1"
              },
              "dependencies": {
                "@oasis-engine/design": {},
                "@oasis-engine/math": {
                  "version": "0.2.1",
                  "dependencies": {}
                }
              }
            },
            "@oasis-engine/design": {},
            "@oasis-engine/math": {
              "version": "0.2.1",
              "dependencies": {
                "@oasis-engine/design": {}
              }
            }
          }
        }
      }
    },
    "@oasis-engine/math": {
      "version": "0.2.1",
      "dependencies": {
        "@oasis-engine/design": {}
      }
    },
    "@oasis-engine/rhi-webgl": {
      "version": "0.2.1",
      "requires": {
        "@oasis-engine/core": "0.2.1",
        "@oasis-engine/math": "0.2.1"
      },
      "dependencies": {
        "@oasis-engine/core": {
          "version": "0.2.1",
          "requires": {
            "@oasis-engine/math": "0.2.1"
          },
          "dependencies": {}
        },
        "@oasis-engine/design": {},
        "@oasis-engine/math": {
          "version": "0.2.1",
          "dependencies": {}
        }
      }
    }
  }
}
